
Microsoft Visual Studio Solution File, Format Version 12.00
# Visual Studio Version 17
VisualStudioVersion = 17.10.35027.167
MinimumVisualStudioVersion = 10.0.40219.1
Project("{FAE04EC0-301F-11D3-BF4B-00C04F79EFBC}") = "DotNet8WebApi.SupabaseSample", "DotNet8WebApi.SupabaseSample\DotNet8WebApi.SupabaseSample.csproj", "{591106CB-E12E-48DF-B3E0-3098EEEB5384}"
EndProject
Global
	GlobalSection(SolutionConfigurationPlatforms) = preSolution
		Debug|Any CPU = Debug|Any CPU
		Release|Any CPU = Release|Any CPU
	EndGlobalSection
	GlobalSection(ProjectConfigurationPlatforms) = postSolution
		{591106CB-E12E-48DF-B3E0-3098EEEB5384}.Debug|Any CPU.ActiveCfg = Debug|Any CPU
		{591106CB-E12E-48DF-B3E0-3098EEEB5384}.Debug|Any CPU.Build.0 = Debug|Any CPU
		{591106CB-E12E-48DF-B3E0-3098EEEB5384}.Release|Any CPU.ActiveCfg = Release|Any CPU
		{591106CB-E12E-48DF-B3E0-3098EEEB5384}.Release|Any CPU.Build.0 = Release|Any CPU
	EndGlobalSection
	GlobalSection(SolutionProperties) = preSolution
		HideSolutionNode = FALSE
	EndGlobalSection
	GlobalSection(ExtensibilityGlobals) = postSolution
		SolutionGuid = {141B8B94-09EB-4B7C-B5F7-4BE2252A8770}
	EndGlobalSection
EndGlobal
